
Microsoft Visual Studio Solution File, Format Version 12.00
# Visual Studio Version 17
VisualStudioVersion = 17.2.32630.192
MinimumVisualStudioVersion = 10.0.40219.1
Project("{FAE04EC0-301F-11D3-BF4B-00C04F79EFBC}") = "003_HackerEarth_Zoos", "003_HackerEarth_Zoos\003_HackerEarth_Zoos.csproj", "{013F309A-D583-49A7-8074-4D81B910F067}"
EndProject
Global
	GlobalSection(SolutionConfigurationPlatforms) = preSolution
		Debug|Any CPU = Debug|Any CPU
		Release|Any CPU = Release|Any CPU
	EndGlobalSection
	GlobalSection(ProjectConfigurationPlatforms) = postSolution
		{013F309A-D583-49A7-8074-4D81B910F067}.Debug|Any CPU.ActiveCfg = Debug|Any CPU
		{013F309A-D583-49A7-8074-4D81B910F067}.Debug|Any CPU.Build.0 = Debug|Any CPU
		{013F309A-D583-49A7-8074-4D81B910F067}.Release|Any CPU.ActiveCfg = Release|Any CPU
		{013F309A-D583-49A7-8074-4D81B910F067}.Release|Any CPU.Build.0 = Release|Any CPU
	EndGlobalSection
	GlobalSection(SolutionProperties) = preSolution
		HideSolutionNode = FALSE
	EndGlobalSection
	GlobalSection(ExtensibilityGlobals) = postSolution
		SolutionGuid = {7F1FEDB6-DF49-4EBD-80FD-39698AFAECF4}
	EndGlobalSection
EndGlobal
