
Microsoft Visual Studio Solution File, Format Version 12.00
# Visual Studio Version 17
VisualStudioVersion = 17.2.32630.192
MinimumVisualStudioVersion = 10.0.40219.1
Project("{FAE04EC0-301F-11D3-BF4B-00C04F79EFBC}") = "004_HackerEarth_Divisibility", "004_HackerEarth_Divisibility\004_HackerEarth_Divisibility.csproj", "{FC3D4374-6792-460D-BE4C-8AC787EC1C7D}"
EndProject
Global
	GlobalSection(SolutionConfigurationPlatforms) = preSolution
		Debug|Any CPU = Debug|Any CPU
		Release|Any CPU = Release|Any CPU
	EndGlobalSection
	GlobalSection(ProjectConfigurationPlatforms) = postSolution
		{FC3D4374-6792-460D-BE4C-8AC787EC1C7D}.Debug|Any CPU.ActiveCfg = Debug|Any CPU
		{FC3D4374-6792-460D-BE4C-8AC787EC1C7D}.Debug|Any CPU.Build.0 = Debug|Any CPU
		{FC3D4374-6792-460D-BE4C-8AC787EC1C7D}.Release|Any CPU.ActiveCfg = Release|Any CPU
		{FC3D4374-6792-460D-BE4C-8AC787EC1C7D}.Release|Any CPU.Build.0 = Release|Any CPU
	EndGlobalSection
	GlobalSection(SolutionProperties) = preSolution
		HideSolutionNode = FALSE
	EndGlobalSection
	GlobalSection(ExtensibilityGlobals) = postSolution
		SolutionGuid = {8941AEFD-2310-4D7F-AB30-5D7DE72C5980}
	EndGlobalSection
EndGlobal
