
Microsoft Visual Studio Solution File, Format Version 12.00
# Visual Studio Version 17
VisualStudioVersion = 17.2.32630.192
MinimumVisualStudioVersion = 10.0.40219.1
Project("{FAE04EC0-301F-11D3-BF4B-00C04F79EFBC}") = "001_NumberSorted", "001_NumberSorted\001_NumberSorted.csproj", "{DE9C6AD6-218F-46C1-8EB5-6FDF9AB301A7}"
EndProject
Global
	GlobalSection(SolutionConfigurationPlatforms) = preSolution
		Debug|Any CPU = Debug|Any CPU
		Release|Any CPU = Release|Any CPU
	EndGlobalSection
	GlobalSection(ProjectConfigurationPlatforms) = postSolution
		{DE9C6AD6-218F-46C1-8EB5-6FDF9AB301A7}.Debug|Any CPU.ActiveCfg = Debug|Any CPU
		{DE9C6AD6-218F-46C1-8EB5-6FDF9AB301A7}.Debug|Any CPU.Build.0 = Debug|Any CPU
		{DE9C6AD6-218F-46C1-8EB5-6FDF9AB301A7}.Release|Any CPU.ActiveCfg = Release|Any CPU
		{DE9C6AD6-218F-46C1-8EB5-6FDF9AB301A7}.Release|Any CPU.Build.0 = Release|Any CPU
	EndGlobalSection
	GlobalSection(SolutionProperties) = preSolution
		HideSolutionNode = FALSE
	EndGlobalSection
	GlobalSection(ExtensibilityGlobals) = postSolution
		SolutionGuid = {A85D0CFD-B67F-4221-9065-B2D6232E857D}
	EndGlobalSection
EndGlobal
